// !$*UTF8*$!
{
	archiveVersion = 1;
	classes = {
	};
	objectVersion = 46;
	objects = {

/* Begin PBXBuildFile section */
		821C9EB91B2B748200476FE1 /* main.m in Sources */ = {isa = PBXBuildFile; fileRef = 821C9EB81B2B748200476FE1 /* main.m */; };
		821C9EBC1B2B748200476FE1 /* AppDelegate.m in Sources */ = {isa = PBXBuildFile; fileRef = 821C9EBB1B2B748200476FE1 /* AppDelegate.m */; };
		821C9EBF1B2B748200476FE1 /* ViewController.m in Sources */ = {isa = PBXBuildFile; fileRef = 821C9EBE1B2B748200476FE1 /* ViewController.m */; };
		821C9EC21B2B748200476FE1 /* Main.storyboard in Resources */ = {isa = PBXBuildFile; fileRef = 821C9EC01B2B748200476FE1 /* Main.storyboard */; };
		821C9EC41B2B748200476FE1 /* Images.xcassets in Resources */ = {isa = PBXBuildFile; fileRef = 821C9EC31B2B748200476FE1 /* Images.xcassets */; };
		821C9EC71B2B748200476FE1 /* LaunchScreen.xib in Resources */ = {isa = PBXBuildFile; fileRef = 821C9EC51B2B748200476FE1 /* LaunchScreen.xib */; };
		821C9ED31B2B748300476FE1 /* LabAssignment1Tests.m in Sources */ = {isa = PBXBuildFile; fileRef = 821C9ED21B2B748300476FE1 /* LabAssignment1Tests.m */; };
		82CF09351B2B82C2003287D9 /* SecondViewController.m in Sources */ = {isa = PBXBuildFile; fileRef = 82CF09341B2B82C2003287D9 /* SecondViewController.m */; };
		82CF09381B2B859E003287D9 /* ThirdViewController.m in Sources */ = {isa = PBXBuildFile; fileRef = 82CF09371B2B859E003287D9 /* ThirdViewController.m */; };
		82CF093C1B2B8E22003287D9 /* welcome.jpg in Resources */ = {isa = PBXBuildFile; fileRef = 82CF093B1B2B8E22003287D9 /* welcome.jpg */; };
		82CF093E1B2B9002003287D9 /* apache_pb.gif in Resources */ = {isa = PBXBuildFile; fileRef = 82CF093D1B2B9002003287D9 /* apache_pb.gif */; };
/* End PBXBuildFile section */

/* Begin PBXContainerItemProxy section */
		821C9ECD1B2B748200476FE1 /* PBXContainerItemProxy */ = {
			isa = PBXContainerItemProxy;
			containerPortal = 821C9EAB1B2B748200476FE1 /* Project object */;
			proxyType = 1;
			remoteGlobalIDString = 821C9EB21B2B748200476FE1;
			remoteInfo = LabAssignment1;
		};
/* End PBXContainerItemProxy section */

/* Begin PBXFileReference section */
		821C9EB31B2B748200476FE1 /* LabAssignment1.app */ = {isa = PBXFileReference; explicitFileType = wrapper.application; includeInIndex = 0; path = LabAssignment1.app; sourceTree = BUILT_PRODUCTS_DIR; };
		821C9EB71B2B748200476FE1 /* Info.plist */ = {isa = PBXFileReference; lastKnownFileType = text.plist.xml; path = Info.plist; sourceTree = "<group>"; };
		821C9EB81B2B748200476FE1 /* main.m */ = {isa = PBXFileReference; lastKnownFileType = sourcecode.c.objc; path = main.m; sourceTree = "<group>"; };
		821C9EBA1B2B748200476FE1 /* AppDelegate.h */ = {isa = PBXFileReference; lastKnownFileType = sourcecode.c.h; path = AppDelegate.h; sourceTree = "<group>"; };
		821C9EBB1B2B748200476FE1 /* AppDelegate.m */ = {isa = PBXFileReference; lastKnownFileType = sourcecode.c.objc; path = AppDelegate.m; sourceTree = "<group>"; };
		821C9EBD1B2B748200476FE1 /* ViewController.h */ = {isa = PBXFileReference; lastKnownFileType = sourcecode.c.h; path = ViewController.h; sourceTree = "<group>"; };
		821C9EBE1B2B748200476FE1 /* ViewController.m */ = {isa = PBXFileReference; lastKnownFileType = sourcecode.c.objc; path = ViewController.m; sourceTree = "<group>"; };
		821C9EC11B2B748200476FE1 /* Base */ = {isa = PBXFileReference; lastKnownFileType = file.storyboard; name = Base; path = Base.lproj/Main.storyboard; sourceTree = "<group>"; };
		821C9EC31B2B748200476FE1 /* Images.xcassets */ = {isa = PBXFileReference; lastKnownFileType = folder.assetcatalog; path = Images.xcassets; sourceTree = "<group>"; };
		821C9EC61B2B748200476FE1 /* Base */ = {isa = PBXFileReference; lastKnownFileType = file.xib; name = Base; path = Base.lproj/LaunchScreen.xib; sourceTree = "<group>"; };
		821C9ECC1B2B748200476FE1 /* LabAssignment1Tests.xctest */ = {isa = PBXFileReference; explicitFileType = wrapper.cfbundle; includeInIndex = 0; path = LabAssignment1Tests.xctest; sourceTree = BUILT_PRODUCTS_DIR; };
		821C9ED11B2B748300476FE1 /* Info.plist */ = {isa = PBXFileReference; lastKnownFileType = text.plist.xml; path = Info.plist; sourceTree = "<group>"; };
		821C9ED21B2B748300476FE1 /* LabAssignment1Tests.m */ = {isa = PBXFileReference; lastKnownFileType = sourcecode.c.objc; path = LabAssignment1Tests.m; sourceTree = "<group>"; };
		82CF09331B2B82C2003287D9 /* SecondViewController.h */ = {isa = PBXFileReference; fileEncoding = 4; lastKnownFileType = sourcecode.c.h; path = SecondViewController.h; sourceTree = "<group>"; };
		82CF09341B2B82C2003287D9 /* SecondViewController.m */ = {isa = PBXFileReference; fileEncoding = 4; lastKnownFileType = sourcecode.c.objc; path = SecondViewController.m; sourceTree = "<group>"; };
		82CF09361B2B859E003287D9 /* ThirdViewController.h */ = {isa = PBXFileReference; fileEncoding = 4; lastKnownFileType = sourcecode.c.h; path = ThirdViewController.h; sourceTree = "<group>"; };
		82CF09371B2B859E003287D9 /* ThirdViewController.m */ = {isa = PBXFileReference; fileEncoding = 4; lastKnownFileType = sourcecode.c.objc; path = ThirdViewController.m; sourceTree = "<group>"; };
		82CF093B1B2B8E22003287D9 /* welcome.jpg */ = {isa = PBXFileReference; lastKnownFileType = image.jpeg; name = welcome.jpg; path = ../../welcome.jpg; sourceTree = "<group>"; };
		82CF093D1B2B9002003287D9 /* apache_pb.gif */ = {isa = PBXFileReference; lastKnownFileType = image.gif; name = apache_pb.gif; path = ../../../Sites/images/apache_pb.gif; sourceTree = "<group>"; };
/* End PBXFileReference section */

/* Begin PBXFrameworksBuildPhase section */
		821C9EB01B2B748200476FE1 /* Frameworks */ = {
			isa = PBXFrameworksBuildPhase;
			buildActionMask = 2147483647;
			files = (
			);
			runOnlyForDeploymentPostprocessing = 0;
		};
		821C9EC91B2B748200476FE1 /* Frameworks */ = {
			isa = PBXFrameworksBuildPhase;
			buildActionMask = 2147483647;
			files = (
			);
			runOnlyForDeploymentPostprocessing = 0;
		};
/* End PBXFrameworksBuildPhase section */

/* Begin PBXGroup section */
		821C9EAA1B2B748200476FE1 = {
			isa = PBXGroup;
			children = (
				821C9EB51B2B748200476FE1 /* LabAssignment1 */,
				821C9ECF1B2B748300476FE1 /* LabAssignment1Tests */,
				821C9EB41B2B748200476FE1 /* Products */,
			);
			sourceTree = "<group>";
		};
		821C9EB41B2B748200476FE1 /* Products */ = {
			isa = PBXGroup;
			children = (
				821C9EB31B2B748200476FE1 /* LabAssignment1.app */,
				821C9ECC1B2B748200476FE1 /* LabAssignment1Tests.xctest */,
			);
			name = Products;
			sourceTree = "<group>";
		};
		821C9EB51B2B748200476FE1 /* LabAssignment1 */ = {
			isa = PBXGroup;
			children = (
				82CF093D1B2B9002003287D9 /* apache_pb.gif */,
				82CF093B1B2B8E22003287D9 /* welcome.jpg */,
				821C9EBA1B2B748200476FE1 /* AppDelegate.h */,
				821C9EBB1B2B748200476FE1 /* AppDelegate.m */,
				821C9EBD1B2B748200476FE1 /* ViewController.h */,
				821C9EBE1B2B748200476FE1 /* ViewController.m */,
				821C9EC01B2B748200476FE1 /* Main.storyboard */,
				82CF09361B2B859E003287D9 /* ThirdViewController.h */,
				82CF09371B2B859E003287D9 /* ThirdViewController.m */,
				82CF09331B2B82C2003287D9 /* SecondViewController.h */,
				82CF09341B2B82C2003287D9 /* SecondViewController.m */,
				821C9EC31B2B748200476FE1 /* Images.xcassets */,
				821C9EC51B2B748200476FE1 /* LaunchScreen.xib */,
				821C9EB61B2B748200476FE1 /* Supporting Files */,
			);
			path = LabAssignment1;
			sourceTree = "<group>";
		};
		821C9EB61B2B748200476FE1 /* Supporting Files */ = {
			isa = PBXGroup;
			children = (
				821C9EB71B2B748200476FE1 /* Info.plist */,
				821C9EB81B2B748200476FE1 /* main.m */,
			);
			name = "Supporting Files";
			sourceTree = "<group>";
		};
		821C9ECF1B2B748300476FE1 /* LabAssignment1Tests */ = {
			isa = PBXGroup;
			children = (
				821C9ED21B2B748300476FE1 /* LabAssignment1Tests.m */,
				821C9ED01B2B748300476FE1 /* Supporting Files */,
			);
			path = LabAssignment1Tests;
			sourceTree = "<group>";
		};
		821C9ED01B2B748300476FE1 /* Supporting Files */ = {
			isa = PBXGroup;
			children = (
				821C9ED11B2B748300476FE1 /* Info.plist */,
			);
			name = "Supporting Files";
			sourceTree = "<group>";
		};
/* End PBXGroup section */

/* Begin PBXNativeTarget section */
		821C9EB21B2B748200476FE1 /* LabAssignment1 */ = {
			isa = PBXNativeTarget;
			buildConfigurationList = 821C9ED61B2B748300476FE1 /* Build configuration list for PBXNativeTarget "LabAssignment1" */;
			buildPhases = (
				821C9EAF1B2B748200476FE1 /* Sources */,
				821C9EB01B2B748200476FE1 /* Frameworks */,
				821C9EB11B2B748200476FE1 /* Resources */,
			);
			buildRules = (
			);
			dependencies = (
			);
			name = LabAssignment1;
			productName = LabAssignment1;
			productReference = 821C9EB31B2B748200476FE1 /* LabAssignment1.app */;
			productType = "com.apple.product-type.application";
		};
		821C9ECB1B2B748200476FE1 /* LabAssignment1Tests */ = {
			isa = PBXNativeTarget;
			buildConfigurationList = 821C9ED91B2B748300476FE1 /* Build configuration list for PBXNativeTarget "LabAssignment1Tests" */;
			buildPhases = (
				821C9EC81B2B748200476FE1 /* Sources */,
				821C9EC91B2B748200476FE1 /* Frameworks */,
				821C9ECA1B2B748200476FE1 /* Resources */,
			);
			buildRules = (
			);
			dependencies = (
				821C9ECE1B2B748200476FE1 /* PBXTargetDependency */,
			);
			name = LabAssignment1Tests;
			productName = LabAssignment1Tests;
			productReference = 821C9ECC1B2B748200476FE1 /* LabAssignment1Tests.xctest */;
			productType = "com.apple.product-type.bundle.unit-test";
		};
/* End PBXNativeTarget section */

/* Begin PBXProject section */
		821C9EAB1B2B748200476FE1 /* Project object */ = {
			isa = PBXProject;
			attributes = {
				LastUpgradeCheck = 0630;
				ORGANIZATIONNAME = "Mannam, Prithvi Krishna (UMKC-Student)";
				TargetAttributes = {
					821C9EB21B2B748200476FE1 = {
						CreatedOnToolsVersion = 6.3.2;
					};
					821C9ECB1B2B748200476FE1 = {
						CreatedOnToolsVersion = 6.3.2;
						TestTargetID = 821C9EB21B2B748200476FE1;
					};
				};
			};
			buildConfigurationList = 821C9EAE1B2B748200476FE1 /* Build configuration list for PBXProject "LabAssignment1" */;
			compatibilityVersion = "Xcode 3.2";
			developmentRegion = English;
			hasScannedForEncodings = 0;
			knownRegions = (
				en,
				Base,
			);
			mainGroup = 821C9EAA1B2B748200476FE1;
			productRefGroup = 821C9EB41B2B748200476FE1 /* Products */;
			projectDirPath = "";
			projectRoot = "";
			targets = (
				821C9EB21B2B748200476FE1 /* LabAssignment1 */,
				821C9ECB1B2B748200476FE1 /* LabAssignment1Tests */,
			);
		};
/* End PBXProject section */

/* Begin PBXResourcesBuildPhase section */
		821C9EB11B2B748200476FE1 /* Resources */ = {
			isa = PBXResourcesBuildPhase;
			buildActionMask = 2147483647;
			files = (
				821C9EC21B2B748200476FE1 /* Main.storyboard in Resources */,
				821C9EC71B2B748200476FE1 /* LaunchScreen.xib in Resources */,
				82CF093E1B2B9002003287D9 /* apache_pb.gif in Resources */,
				82CF093C1B2B8E22003287D9 /* welcome.jpg in Resources */,
				821C9EC41B2B748200476FE1 /* Images.xcassets in Resources */,
			);
			runOnlyForDeploymentPostprocessing = 0;
		};
		821C9ECA1B2B748200476FE1 /* Resources */ = {
			isa = PBXResourcesBuildPhase;
			buildActionMask = 2147483647;
			files = (
			);
			runOnlyForDeploymentPostprocessing = 0;
		};
/* End PBXResourcesBuildPhase section */

/* Begin PBXSourcesBuildPhase section */
		821C9EAF1B2B748200476FE1 /* Sources */ = {
			isa = PBXSourcesBuildPhase;
			buildActionMask = 2147483647;
			files = (
				82CF09351B2B82C2003287D9 /* SecondViewController.m in Sources */,
				82CF09381B2B859E003287D9 /* ThirdViewController.m in Sources */,
				821C9EBF1B2B748200476FE1 /* ViewController.m in Sources */,
				821C9EBC1B2B748200476FE1 /* AppDelegate.m in Sources */,
				821C9EB91B2B748200476FE1 /* main.m in Sources */,
			);
			runOnlyForDeploymentPostprocessing = 0;
		};
		821C9EC81B2B748200476FE1 /* Sources */ = {
			isa = PBXSourcesBuildPhase;
			buildActionMask = 2147483647;
			files = (
				821C9ED31B2B748300476FE1 /* LabAssignment1Tests.m in Sources */,
			);
			runOnlyForDeploymentPostprocessing = 0;
		};
/* End PBXSourcesBuildPhase section */

/* Begin PBXTargetDependency section */
		821C9ECE1B2B748200476FE1 /* PBXTargetDependency */ = {
			isa = PBXTargetDependency;
			target = 821C9EB21B2B748200476FE1 /* LabAssignment1 */;
			targetProxy = 821C9ECD1B2B748200476FE1 /* PBXContainerItemProxy */;
		};
/* End PBXTargetDependency section */

/* Begin PBXVariantGroup section */
		821C9EC01B2B748200476FE1 /* Main.storyboard */ = {
			isa = PBXVariantGroup;
			children = (
				821C9EC11B2B748200476FE1 /* Base */,
			);
			name = Main.storyboard;
			sourceTree = "<group>";
		};
		821C9EC51B2B748200476FE1 /* LaunchScreen.xib */ = {
			isa = PBXVariantGroup;
			children = (
				821C9EC61B2B748200476FE1 /* Base */,
			);
			name = LaunchScreen.xib;
			sourceTree = "<group>";
		};
/* End PBXVariantGroup section */

/* Begin XCBuildConfiguration section */
		821C9ED41B2B748300476FE1 /* Debug */ = {
			isa = XCBuildConfiguration;
			buildSettings = {
				ALWAYS_SEARCH_USER_PATHS = NO;
				CLANG_CXX_LANGUAGE_STANDARD = "gnu++0x";
				CLANG_CXX_LIBRARY = "libc++";
				CLANG_ENABLE_MODULES = YES;
				CLANG_ENABLE_OBJC_ARC = YES;
				CLANG_WARN_BOOL_CONVERSION = YES;
				CLANG_WARN_CONSTANT_CONVERSION = YES;
				CLANG_WARN_DIRECT_OBJC_ISA_USAGE = YES_ERROR;
				CLANG_WARN_EMPTY_BODY = YES;
				CLANG_WARN_ENUM_CONVERSION = YES;
				CLANG_WARN_INT_CONVERSION = YES;
				CLANG_WARN_OBJC_ROOT_CLASS = YES_ERROR;
				CLANG_WARN_UNREACHABLE_CODE = YES;
				CLANG_WARN__DUPLICATE_METHOD_MATCH = YES;
				"CODE_SIGN_IDENTITY[sdk=iphoneos*]" = "iPhone Developer";
				COPY_PHASE_STRIP = NO;
				DEBUG_INFORMATION_FORMAT = "dwarf-with-dsym";
				ENABLE_STRICT_OBJC_MSGSEND = YES;
				GCC_C_LANGUAGE_STANDARD = gnu99;
				GCC_DYNAMIC_NO_PIC = NO;
				GCC_NO_COMMON_BLOCKS = YES;
				GCC_OPTIMIZATION_LEVEL = 0;
				GCC_PREPROCESSOR_DEFINITIONS = (
					"DEBUG=1",
					"$(inherited)",
				);
				GCC_SYMBOLS_PRIVATE_EXTERN = NO;
				GCC_WARN_64_TO_32_BIT_CONVERSION = YES;
				GCC_WARN_ABOUT_RETURN_TYPE = YES_ERROR;
				GCC_WARN_UNDECLARED_SELECTOR = YES;
				GCC_WARN_UNINITIALIZED_AUTOS = YES_AGGRESSIVE;
				GCC_WARN_UNUSED_FUNCTION = YES;
				GCC_WARN_UNUSED_VARIABLE = YES;
				IPHONEOS_DEPLOYMENT_TARGET = 8.3;
				MTL_ENABLE_DEBUG_INFO = YES;
				ONLY_ACTIVE_ARCH = YES;
				SDKROOT = iphoneos;
			};
			name = Debug;
		};
		821C9ED51B2B748300476FE1 /* Release */ = {
			isa = XCBuildConfiguration;
			buildSettings = {
				ALWAYS_SEARCH_USER_PATHS = NO;
				CLANG_CXX_LANGUAGE_STANDARD = "gnu++0x";
				CLANG_CXX_LIBRARY = "libc++";
				CLANG_ENABLE_MODULES = YES;
				CLANG_ENABLE_OBJC_ARC = YES;
				CLANG_WARN_BOOL_CONVERSION = YES;
				CLANG_WARN_CONSTANT_CONVERSION = YES;
				CLANG_WARN_DIRECT_OBJC_ISA_USAGE = YES_ERROR;
				CLANG_WARN_EMPTY_BODY = YES;
				CLANG_WARN_ENUM_CONVERSION = YES;
				CLANG_WARN_INT_CONVERSION = YES;
				CLANG_WARN_OBJC_ROOT_CLASS = YES_ERROR;
				CLANG_WARN_UNREACHABLE_CODE = YES;
				CLANG_WARN__DUPLICATE_METHOD_MATCH = YES;
				"CODE_SIGN_IDENTITY[sdk=iphoneos*]" = "iPhone Developer";
				COPY_PHASE_STRIP = NO;
				DEBUG_INFORMATION_FORMAT = "dwarf-with-dsym";
				ENABLE_NS_ASSERTIONS = NO;
				ENABLE_STRICT_OBJC_MSGSEND = YES;
				GCC_C_LANGUAGE_STANDARD = gnu99;
				GCC_NO_COMMON_BLOCKS = YES;
				GCC_WARN_64_TO_32_BIT_CONVERSION = YES;
				GCC_WARN_ABOUT_RETURN_TYPE = YES_ERROR;
				GCC_WARN_UNDECLARED_SELECTOR = YES;
				GCC_WARN_UNINITIALIZED_AUTOS = YES_AGGRESSIVE;
				GCC_WARN_UNUSED_FUNCTION = YES;
				GCC_WARN_UNUSED_VARIABLE = YES;
				IPHONEOS_DEPLOYMENT_TARGET = 8.3;
				MTL_ENABLE_DEBUG_INFO = NO;
				SDKROOT = iphoneos;
				VALIDATE_PRODUCT = YES;
			};
			name = Release;
		};
		821C9ED71B2B748300476FE1 /* Debug */ = {
			isa = XCBuildConfiguration;
			buildSettings = {
				ASSETCATALOG_COMPILER_APPICON_NAME = AppIcon;
				INFOPLIST_FILE = LabAssignment1/Info.plist;
				LD_RUNPATH_SEARCH_PATHS = "$(inherited) @executable_path/Frameworks";
				PRODUCT_NAME = "$(TARGET_NAME)";
			};
			name = Debug;
		};
		821C9ED81B2B748300476FE1 /* Release */ = {
			isa = XCBuildConfiguration;
			buildSettings = {
				ASSETCATALOG_COMPILER_APPICON_NAME = AppIcon;
				INFOPLIST_FILE = LabAssignment1/Info.plist;
				LD_RUNPATH_SEARCH_PATHS = "$(inherited) @executable_path/Frameworks";
				PRODUCT_NAME = "$(TARGET_NAME)";
			};
			name = Release;
		};
		821C9EDA1B2B748300476FE1 /* Debug */ = {
			isa = XCBuildConfiguration;
			buildSettings = {
				BUNDLE_LOADER = "$(TEST_HOST)";
				FRAMEWORK_SEARCH_PATHS = (
					"$(SDKROOT)/Developer/Library/Frameworks",
					"$(inherited)",
				);
				GCC_PREPROCESSOR_DEFINITIONS = (
					"DEBUG=1",
					"$(inherited)",
				);
				INFOPLIST_FILE = LabAssignment1Tests/Info.plist;
				LD_RUNPATH_SEARCH_PATHS = "$(inherited) @executable_path/Frameworks @loader_path/Frameworks";
				PRODUCT_NAME = "$(TARGET_NAME)";
				TEST_HOST = "$(BUILT_PRODUCTS_DIR)/LabAssignment1.app/LabAssignment1";
			};
			name = Debug;
		};
		821C9EDB1B2B748300476FE1 /* Release */ = {
			isa = XCBuildConfiguration;
			buildSettings = {
				BUNDLE_LOADER = "$(TEST_HOST)";
				FRAMEWORK_SEARCH_PATHS = (
					"$(SDKROOT)/Developer/Library/Frameworks",
					"$(inherited)",
				);
				INFOPLIST_FILE = LabAssignment1Tests/Info.plist;
				LD_RUNPATH_SEARCH_PATHS = "$(inherited) @executable_path/Frameworks @loader_path/Frameworks";
				PRODUCT_NAME = "$(TARGET_NAME)";
				TEST_HOST = "$(BUILT_PRODUCTS_DIR)/LabAssignment1.app/LabAssignment1";
			};
			name = Release;
		};
/* End XCBuildConfiguration section */

/* Begin XCConfigurationList section */
		821C9EAE1B2B748200476FE1 /* Build configuration list for PBXProject "LabAssignment1" */ = {
			isa = XCConfigurationList;
			buildConfigurations = (
				821C9ED41B2B748300476FE1 /* Debug */,
				821C9ED51B2B748300476FE1 /* Release */,
			);
			defaultConfigurationIsVisible = 0;
			defaultConfigurationName = Release;
		};
		821C9ED61B2B748300476FE1 /* Build configuration list for PBXNativeTarget "LabAssignment1" */ = {
			isa = XCConfigurationList;
			buildConfigurations = (
				821C9ED71B2B748300476FE1 /* Debug */,
				821C9ED81B2B748300476FE1 /* Release */,
			);
			defaultConfigurationIsVisible = 0;
			defaultConfigurationName = Release;
		};
		821C9ED91B2B748300476FE1 /* Build configuration list for PBXNativeTarget "LabAssignment1Tests" */ = {
			isa = XCConfigurationList;
			buildConfigurations = (
				821C9EDA1B2B748300476FE1 /* Debug */,
				821C9EDB1B2B748300476FE1 /* Release */,
			);
			defaultConfigurationIsVisible = 0;
			defaultConfigurationName = Release;
		};
/* End XCConfigurationList section */
	};
	rootObject = 821C9EAB1B2B748200476FE1 /* Project object */;
}
